{
  "name": "dfe-complete-conversions-transfers-and-changes",
  "lockfileVersion": 2,
  "requires": true,
  "packages": {
    "": {
      "dependencies": {
        "govuk-frontend": "^4.1.0"
      }
    },
    "node_modules/govuk-frontend": {
      "version": "4.1.0",
      "resolved": "https://registry.npmjs.org/govuk-frontend/-/govuk-frontend-4.1.0.tgz",
      "integrity": "sha512-xBUUarxinGWSccmXPmwa7ovg3xabEQ0+Dcv7pdq9X3F69892OFMqP2g8jvlDUrVsDVdasXLk4Jq4w8dPiaEVqQ==",
      "engines": {
        "node": ">= 4.2.0"
      }
    }
  },
  "dependencies": {
    "govuk-frontend": {
      "version": "4.1.0",
      "resolved": "https://registry.npmjs.org/govuk-frontend/-/govuk-frontend-4.1.0.tgz",
      "integrity": "sha512-xBUUarxinGWSccmXPmwa7ovg3xabEQ0+Dcv7pdq9X3F69892OFMqP2g8jvlDUrVsDVdasXLk4Jq4w8dPiaEVqQ=="
    }
  }
}
